// !$*UTF8*$!
{
	archiveVersion = 1;
	classes = {
	};
	objectVersion = 46;
	objects = {

/* Begin PBXBuildFile section */
		703A8DB519FE934500E51D83 /* MapItemViewController.m in Sources */ = {isa = PBXBuildFile; fileRef = 703A8DB419FE934500E51D83 /* MapItemViewController.m */; };
		703A8DB719FE93C300E51D83 /* AddressBook.framework in Frameworks */ = {isa = PBXBuildFile; fileRef = 703A8DB619FE93C300E51D83 /* AddressBook.framework */; };
		7068AD8D19EECC70004B2998 /* CoreGraphics.framework in Frameworks */ = {isa = PBXBuildFile; fileRef = 7068AD8C19EECC70004B2998 /* CoreGraphics.framework */; };
		7068AD8F19EECC83004B2998 /* CoreData.framework in Frameworks */ = {isa = PBXBuildFile; fileRef = 7068AD8E19EECC83004B2998 /* CoreData.framework */; };
		7068AD9119EECC8E004B2998 /* MobileCoreServices.framework in Frameworks */ = {isa = PBXBuildFile; fileRef = 7068AD9019EECC8E004B2998 /* MobileCoreServices.framework */; };
		7068AD9319EECCA6004B2998 /* Foundation.framework in Frameworks */ = {isa = PBXBuildFile; fileRef = 7068AD9219EECCA6004B2998 /* Foundation.framework */; };
		708B853619FFF10A00DB93E6 /* 01-refresh.png in Resources */ = {isa = PBXBuildFile; fileRef = 708B853419FFF10A00DB93E6 /* 01-refresh.png */; };
		708B853719FFF10A00DB93E6 /* 01-refresh@2x.png in Resources */ = {isa = PBXBuildFile; fileRef = 708B853519FFF10A00DB93E6 /* 01-refresh@2x.png */; };
		708B853A19FFF16C00DB93E6 /* 33-cabinet.png in Resources */ = {isa = PBXBuildFile; fileRef = 708B853819FFF16C00DB93E6 /* 33-cabinet.png */; };
		708B853B19FFF16C00DB93E6 /* 33-cabinet@2x.png in Resources */ = {isa = PBXBuildFile; fileRef = 708B853919FFF16C00DB93E6 /* 33-cabinet@2x.png */; };
		708B853E19FFF23100DB93E6 /* 12-eye.png in Resources */ = {isa = PBXBuildFile; fileRef = 708B853C19FFF23100DB93E6 /* 12-eye.png */; };
		708B853F19FFF23100DB93E6 /* 12-eye@2x.png in Resources */ = {isa = PBXBuildFile; fileRef = 708B853D19FFF23100DB93E6 /* 12-eye@2x.png */; };
		70FA846919DC7F7200B4925E /* main.m in Sources */ = {isa = PBXBuildFile; fileRef = 70FA846819DC7F7200B4925E /* main.m */; };
		70FA846C19DC7F7200B4925E /* AppDelegate.m in Sources */ = {isa = PBXBuildFile; fileRef = 70FA846B19DC7F7200B4925E /* AppDelegate.m */; };
		70FA846F19DC7F7200B4925E /* MapAppointments.xcdatamodeld in Sources */ = {isa = PBXBuildFile; fileRef = 70FA846D19DC7F7200B4925E /* MapAppointments.xcdatamodeld */; };
		70FA847219DC7F7200B4925E /* ViewController.m in Sources */ = {isa = PBXBuildFile; fileRef = 70FA847119DC7F7200B4925E /* ViewController.m */; };
		70FA847519DC7F7200B4925E /* Main.storyboard in Resources */ = {isa = PBXBuildFile; fileRef = 70FA847319DC7F7200B4925E /* Main.storyboard */; };
		70FA847719DC7F7200B4925E /* Images.xcassets in Resources */ = {isa = PBXBuildFile; fileRef = 70FA847619DC7F7200B4925E /* Images.xcassets */; };
		70FA847A19DC7F7200B4925E /* LaunchScreen.xib in Resources */ = {isa = PBXBuildFile; fileRef = 70FA847819DC7F7200B4925E /* LaunchScreen.xib */; };
		70FA848619DC7F7300B4925E /* MapAppointmentsTests.m in Sources */ = {isa = PBXBuildFile; fileRef = 70FA848519DC7F7300B4925E /* MapAppointmentsTests.m */; };
		70FA849019DC806000B4925E /* MapKit.framework in Frameworks */ = {isa = PBXBuildFile; fileRef = 70FA848F19DC806000B4925E /* MapKit.framework */; };
		70FA849219DC806C00B4925E /* CoreLocation.framework in Frameworks */ = {isa = PBXBuildFile; fileRef = 70FA849119DC806C00B4925E /* CoreLocation.framework */; };
		70FA849419DC809D00B4925E /* UIKit.framework in Frameworks */ = {isa = PBXBuildFile; fileRef = 70FA849319DC809D00B4925E /* UIKit.framework */; };
		70FA849719DC817C00B4925E /* CustomAnnotations.m in Sources */ = {isa = PBXBuildFile; fileRef = 70FA849619DC817C00B4925E /* CustomAnnotations.m */; };
/* End PBXBuildFile section */

/* Begin PBXContainerItemProxy section */
		70FA848019DC7F7300B4925E /* PBXContainerItemProxy */ = {
			isa = PBXContainerItemProxy;
			containerPortal = 70FA845B19DC7F7200B4925E /* Project object */;
			proxyType = 1;
			remoteGlobalIDString = 70FA846219DC7F7200B4925E;
			remoteInfo = MapAppointments;
		};
/* End PBXContainerItemProxy section */

/* Begin PBXFileReference section */
		703A8DB319FE934500E51D83 /* MapItemViewController.h */ = {isa = PBXFileReference; fileEncoding = 4; lastKnownFileType = sourcecode.c.h; path = MapItemViewController.h; sourceTree = "<group>"; };
		703A8DB419FE934500E51D83 /* MapItemViewController.m */ = {isa = PBXFileReference; fileEncoding = 4; lastKnownFileType = sourcecode.c.objc; path = MapItemViewController.m; sourceTree = "<group>"; };
		703A8DB619FE93C300E51D83 /* AddressBook.framework */ = {isa = PBXFileReference; lastKnownFileType = wrapper.framework; name = AddressBook.framework; path = System/Library/Frameworks/AddressBook.framework; sourceTree = SDKROOT; };
		7068AD8C19EECC70004B2998 /* CoreGraphics.framework */ = {isa = PBXFileReference; lastKnownFileType = wrapper.framework; name = CoreGraphics.framework; path = System/Library/Frameworks/CoreGraphics.framework; sourceTree = SDKROOT; };
		7068AD8E19EECC83004B2998 /* CoreData.framework */ = {isa = PBXFileReference; lastKnownFileType = wrapper.framework; name = CoreData.framework; path = System/Library/Frameworks/CoreData.framework; sourceTree = SDKROOT; };
		7068AD9019EECC8E004B2998 /* MobileCoreServices.framework */ = {isa = PBXFileReference; lastKnownFileType = wrapper.framework; name = MobileCoreServices.framework; path = System/Library/Frameworks/MobileCoreServices.framework; sourceTree = SDKROOT; };
		7068AD9219EECCA6004B2998 /* Foundation.framework */ = {isa = PBXFileReference; lastKnownFileType = wrapper.framework; name = Foundation.framework; path = System/Library/Frameworks/Foundation.framework; sourceTree = SDKROOT; };
		708B853419FFF10A00DB93E6 /* 01-refresh.png */ = {isa = PBXFileReference; lastKnownFileType = image.png; path = "01-refresh.png"; sourceTree = "<group>"; };
		708B853519FFF10A00DB93E6 /* 01-refresh@2x.png */ = {isa = PBXFileReference; lastKnownFileType = image.png; path = "01-refresh@2x.png"; sourceTree = "<group>"; };
		708B853819FFF16C00DB93E6 /* 33-cabinet.png */ = {isa = PBXFileReference; lastKnownFileType = image.png; path = "33-cabinet.png"; sourceTree = "<group>"; };
		708B853919FFF16C00DB93E6 /* 33-cabinet@2x.png */ = {isa = PBXFileReference; lastKnownFileType = image.png; path = "33-cabinet@2x.png"; sourceTree = "<group>"; };
		708B853C19FFF23100DB93E6 /* 12-eye.png */ = {isa = PBXFileReference; lastKnownFileType = image.png; path = "12-eye.png"; sourceTree = "<group>"; };
		708B853D19FFF23100DB93E6 /* 12-eye@2x.png */ = {isa = PBXFileReference; lastKnownFileType = image.png; path = "12-eye@2x.png"; sourceTree = "<group>"; };
		70FA846319DC7F7200B4925E /* MapAppointments.app */ = {isa = PBXFileReference; explicitFileType = wrapper.application; includeInIndex = 0; path = MapAppointments.app; sourceTree = BUILT_PRODUCTS_DIR; };
		70FA846719DC7F7200B4925E /* Info.plist */ = {isa = PBXFileReference; lastKnownFileType = text.plist.xml; path = Info.plist; sourceTree = "<group>"; };
		70FA846819DC7F7200B4925E /* main.m */ = {isa = PBXFileReference; lastKnownFileType = sourcecode.c.objc; path = main.m; sourceTree = "<group>"; };
		70FA846A19DC7F7200B4925E /* AppDelegate.h */ = {isa = PBXFileReference; lastKnownFileType = sourcecode.c.h; path = AppDelegate.h; sourceTree = "<group>"; };
		70FA846B19DC7F7200B4925E /* AppDelegate.m */ = {isa = PBXFileReference; lastKnownFileType = sourcecode.c.objc; path = AppDelegate.m; sourceTree = "<group>"; };
		70FA846E19DC7F7200B4925E /* MapAppointments.xcdatamodel */ = {isa = PBXFileReference; lastKnownFileType = wrapper.xcdatamodel; path = MapAppointments.xcdatamodel; sourceTree = "<group>"; };
		70FA847019DC7F7200B4925E /* ViewController.h */ = {isa = PBXFileReference; lastKnownFileType = sourcecode.c.h; path = ViewController.h; sourceTree = "<group>"; };
		70FA847119DC7F7200B4925E /* ViewController.m */ = {isa = PBXFileReference; lastKnownFileType = sourcecode.c.objc; path = ViewController.m; sourceTree = "<group>"; };
		70FA847419DC7F7200B4925E /* Base */ = {isa = PBXFileReference; lastKnownFileType = file.storyboard; name = Base; path = Base.lproj/Main.storyboard; sourceTree = "<group>"; };
		70FA847619DC7F7200B4925E /* Images.xcassets */ = {isa = PBXFileReference; lastKnownFileType = folder.assetcatalog; path = Images.xcassets; sourceTree = "<group>"; };
		70FA847919DC7F7200B4925E /* Base */ = {isa = PBXFileReference; lastKnownFileType = file.xib; name = Base; path = Base.lproj/LaunchScreen.xib; sourceTree = "<group>"; };
		70FA847F19DC7F7300B4925E /* MapAppointmentsTests.xctest */ = {isa = PBXFileReference; explicitFileType = wrapper.cfbundle; includeInIndex = 0; path = MapAppointmentsTests.xctest; sourceTree = BUILT_PRODUCTS_DIR; };
		70FA848419DC7F7300B4925E /* Info.plist */ = {isa = PBXFileReference; lastKnownFileType = text.plist.xml; path = Info.plist; sourceTree = "<group>"; };
		70FA848519DC7F7300B4925E /* MapAppointmentsTests.m */ = {isa = PBXFileReference; lastKnownFileType = sourcecode.c.objc; path = MapAppointmentsTests.m; sourceTree = "<group>"; };
		70FA848F19DC806000B4925E /* MapKit.framework */ = {isa = PBXFileReference; lastKnownFileType = wrapper.framework; name = MapKit.framework; path = System/Library/Frameworks/MapKit.framework; sourceTree = SDKROOT; };
		70FA849119DC806C00B4925E /* CoreLocation.framework */ = {isa = PBXFileReference; lastKnownFileType = wrapper.framework; name = CoreLocation.framework; path = System/Library/Frameworks/CoreLocation.framework; sourceTree = SDKROOT; };
		70FA849319DC809D00B4925E /* UIKit.framework */ = {isa = PBXFileReference; lastKnownFileType = wrapper.framework; name = UIKit.framework; path = System/Library/Frameworks/UIKit.framework; sourceTree = SDKROOT; };
		70FA849519DC817C00B4925E /* CustomAnnotations.h */ = {isa = PBXFileReference; fileEncoding = 4; lastKnownFileType = sourcecode.c.h; name = CustomAnnotations.h; path = ../CustomAnnotations.h; sourceTree = "<group>"; };
		70FA849619DC817C00B4925E /* CustomAnnotations.m */ = {isa = PBXFileReference; fileEncoding = 4; lastKnownFileType = sourcecode.c.objc; name = CustomAnnotations.m; path = ../CustomAnnotations.m; sourceTree = "<group>"; };
/* End PBXFileReference section */

/* Begin PBXFrameworksBuildPhase section */
		70FA846019DC7F7200B4925E /* Frameworks */ = {
			isa = PBXFrameworksBuildPhase;
			buildActionMask = 2147483647;
			files = (
				703A8DB719FE93C300E51D83 /* AddressBook.framework in Frameworks */,
				7068AD9319EECCA6004B2998 /* Foundation.framework in Frameworks */,
				7068AD9119EECC8E004B2998 /* MobileCoreServices.framework in Frameworks */,
				7068AD8F19EECC83004B2998 /* CoreData.framework in Frameworks */,
				7068AD8D19EECC70004B2998 /* CoreGraphics.framework in Frameworks */,
				70FA849419DC809D00B4925E /* UIKit.framework in Frameworks */,
				70FA849219DC806C00B4925E /* CoreLocation.framework in Frameworks */,
				70FA849019DC806000B4925E /* MapKit.framework in Frameworks */,
			);
			runOnlyForDeploymentPostprocessing = 0;
		};
		70FA847C19DC7F7200B4925E /* Frameworks */ = {
			isa = PBXFrameworksBuildPhase;
			buildActionMask = 2147483647;
			files = (
			);
			runOnlyForDeploymentPostprocessing = 0;
		};
/* End PBXFrameworksBuildPhase section */

/* Begin PBXGroup section */
		7068AD9C19EEDE58004B2998 /* Frameworks */ = {
			isa = PBXGroup;
			children = (
				7068AD9219EECCA6004B2998 /* Foundation.framework */,
				7068AD9019EECC8E004B2998 /* MobileCoreServices.framework */,
				7068AD8E19EECC83004B2998 /* CoreData.framework */,
				7068AD8C19EECC70004B2998 /* CoreGraphics.framework */,
				70FA849319DC809D00B4925E /* UIKit.framework */,
				70FA849119DC806C00B4925E /* CoreLocation.framework */,
				70FA848F19DC806000B4925E /* MapKit.framework */,
			);
			name = Frameworks;
			path = ..;
			sourceTree = "<group>";
		};
		70FA845A19DC7F7200B4925E = {
			isa = PBXGroup;
			children = (
				703A8DB619FE93C300E51D83 /* AddressBook.framework */,
				70FA846519DC7F7200B4925E /* MapAppointments */,
				70FA848219DC7F7300B4925E /* MapAppointmentsTests */,
				70FA846419DC7F7200B4925E /* Products */,
			);
			sourceTree = "<group>";
		};
		70FA846419DC7F7200B4925E /* Products */ = {
			isa = PBXGroup;
			children = (
				70FA846319DC7F7200B4925E /* MapAppointments.app */,
				70FA847F19DC7F7300B4925E /* MapAppointmentsTests.xctest */,
			);
			name = Products;
			sourceTree = "<group>";
		};
		70FA846519DC7F7200B4925E /* MapAppointments */ = {
			isa = PBXGroup;
			children = (
				70FA846A19DC7F7200B4925E /* AppDelegate.h */,
				70FA846B19DC7F7200B4925E /* AppDelegate.m */,
				70FA847019DC7F7200B4925E /* ViewController.h */,
				70FA847119DC7F7200B4925E /* ViewController.m */,
				70FA849519DC817C00B4925E /* CustomAnnotations.h */,
				70FA849619DC817C00B4925E /* CustomAnnotations.m */,
				70FA847319DC7F7200B4925E /* Main.storyboard */,
				703A8DB319FE934500E51D83 /* MapItemViewController.h */,
				703A8DB419FE934500E51D83 /* MapItemViewController.m */,
				70FA847619DC7F7200B4925E /* Images.xcassets */,
				70FA847819DC7F7200B4925E /* LaunchScreen.xib */,
				70FA846D19DC7F7200B4925E /* MapAppointments.xcdatamodeld */,
				7068AD9C19EEDE58004B2998 /* Frameworks */,
				70FA846619DC7F7200B4925E /* Supporting Files */,
			);
			path = MapAppointments;
			sourceTree = "<group>";
		};
		70FA846619DC7F7200B4925E /* Supporting Files */ = {
			isa = PBXGroup;
			children = (
				708B853419FFF10A00DB93E6 /* 01-refresh.png */,
				708B853C19FFF23100DB93E6 /* 12-eye.png */,
				708B853D19FFF23100DB93E6 /* 12-eye@2x.png */,
				708B853819FFF16C00DB93E6 /* 33-cabinet.png */,
				708B853919FFF16C00DB93E6 /* 33-cabinet@2x.png */,
				708B853519FFF10A00DB93E6 /* 01-refresh@2x.png */,
				70FA846719DC7F7200B4925E /* Info.plist */,
				70FA846819DC7F7200B4925E /* main.m */,
			);
			name = "Supporting Files";
			sourceTree = "<group>";
		};
		70FA848219DC7F7300B4925E /* MapAppointmentsTests */ = {
			isa = PBXGroup;
			children = (
				70FA848519DC7F7300B4925E /* MapAppointmentsTests.m */,
				70FA848319DC7F7300B4925E /* Supporting Files */,
			);
			path = MapAppointmentsTests;
			sourceTree = "<group>";
		};
		70FA848319DC7F7300B4925E /* Supporting Files */ = {
			isa = PBXGroup;
			children = (
				70FA848419DC7F7300B4925E /* Info.plist */,
			);
			name = "Supporting Files";
			sourceTree = "<group>";
		};
/* End PBXGroup section */

/* Begin PBXNativeTarget section */
		70FA846219DC7F7200B4925E /* MapAppointments */ = {
			isa = PBXNativeTarget;
			buildConfigurationList = 70FA848919DC7F7300B4925E /* Build configuration list for PBXNativeTarget "MapAppointments" */;
			buildPhases = (
				70FA845F19DC7F7200B4925E /* Sources */,
				70FA846019DC7F7200B4925E /* Frameworks */,
				70FA846119DC7F7200B4925E /* Resources */,
			);
			buildRules = (
			);
			dependencies = (
			);
			name = MapAppointments;
			productName = MapAppointments;
			productReference = 70FA846319DC7F7200B4925E /* MapAppointments.app */;
			productType = "com.apple.product-type.application";
		};
		70FA847E19DC7F7200B4925E /* MapAppointmentsTests */ = {
			isa = PBXNativeTarget;
			buildConfigurationList = 70FA848C19DC7F7300B4925E /* Build configuration list for PBXNativeTarget "MapAppointmentsTests" */;
			buildPhases = (
				70FA847B19DC7F7200B4925E /* Sources */,
				70FA847C19DC7F7200B4925E /* Frameworks */,
				70FA847D19DC7F7200B4925E /* Resources */,
			);
			buildRules = (
			);
			dependencies = (
				70FA848119DC7F7300B4925E /* PBXTargetDependency */,
			);
			name = MapAppointmentsTests;
			productName = MapAppointmentsTests;
			productReference = 70FA847F19DC7F7300B4925E /* MapAppointmentsTests.xctest */;
			productType = "com.apple.product-type.bundle.unit-test";
		};
/* End PBXNativeTarget section */

/* Begin PBXProject section */
		70FA845B19DC7F7200B4925E /* Project object */ = {
			isa = PBXProject;
			attributes = {
				LastUpgradeCheck = 0600;
				ORGANIZATIONNAME = "Jeanie House";
				TargetAttributes = {
					70FA846219DC7F7200B4925E = {
						CreatedOnToolsVersion = 6.0.1;
					};
					70FA847E19DC7F7200B4925E = {
						CreatedOnToolsVersion = 6.0.1;
						TestTargetID = 70FA846219DC7F7200B4925E;
					};
				};
			};
			buildConfigurationList = 70FA845E19DC7F7200B4925E /* Build configuration list for PBXProject "MapAppointments" */;
			compatibilityVersion = "Xcode 3.2";
			developmentRegion = English;
			hasScannedForEncodings = 0;
			knownRegions = (
				en,
				Base,
			);
			mainGroup = 70FA845A19DC7F7200B4925E;
			productRefGroup = 70FA846419DC7F7200B4925E /* Products */;
			projectDirPath = "";
			projectRoot = "";
			targets = (
				70FA846219DC7F7200B4925E /* MapAppointments */,
				70FA847E19DC7F7200B4925E /* MapAppointmentsTests */,
			);
		};
/* End PBXProject section */

/* Begin PBXResourcesBuildPhase section */
		70FA846119DC7F7200B4925E /* Resources */ = {
			isa = PBXResourcesBuildPhase;
			buildActionMask = 2147483647;
			files = (
				708B853E19FFF23100DB93E6 /* 12-eye.png in Resources */,
				708B853B19FFF16C00DB93E6 /* 33-cabinet@2x.png in Resources */,
				70FA847519DC7F7200B4925E /* Main.storyboard in Resources */,
				70FA847A19DC7F7200B4925E /* LaunchScreen.xib in Resources */,
				708B853619FFF10A00DB93E6 /* 01-refresh.png in Resources */,
				708B853F19FFF23100DB93E6 /* 12-eye@2x.png in Resources */,
				70FA847719DC7F7200B4925E /* Images.xcassets in Resources */,
				708B853A19FFF16C00DB93E6 /* 33-cabinet.png in Resources */,
				708B853719FFF10A00DB93E6 /* 01-refresh@2x.png in Resources */,
			);
			runOnlyForDeploymentPostprocessing = 0;
		};
		70FA847D19DC7F7200B4925E /* Resources */ = {
			isa = PBXResourcesBuildPhase;
			buildActionMask = 2147483647;
			files = (
			);
			runOnlyForDeploymentPostprocessing = 0;
		};
/* End PBXResourcesBuildPhase section */

/* Begin PBXSourcesBuildPhase section */
		70FA845F19DC7F7200B4925E /* Sources */ = {
			isa = PBXSourcesBuildPhase;
			buildActionMask = 2147483647;
			files = (
				70FA846F19DC7F7200B4925E /* MapAppointments.xcdatamodeld in Sources */,
				70FA846C19DC7F7200B4925E /* AppDelegate.m in Sources */,
				70FA847219DC7F7200B4925E /* ViewController.m in Sources */,
				70FA846919DC7F7200B4925E /* main.m in Sources */,
				703A8DB519FE934500E51D83 /* MapItemViewController.m in Sources */,
				70FA849719DC817C00B4925E /* CustomAnnotations.m in Sources */,
			);
			runOnlyForDeploymentPostprocessing = 0;
		};
		70FA847B19DC7F7200B4925E /* Sources */ = {
			isa = PBXSourcesBuildPhase;
			buildActionMask = 2147483647;
			files = (
				70FA848619DC7F7300B4925E /* MapAppointmentsTests.m in Sources */,
			);
			runOnlyForDeploymentPostprocessing = 0;
		};
/* End PBXSourcesBuildPhase section */

/* Begin PBXTargetDependency section */
		70FA848119DC7F7300B4925E /* PBXTargetDependency */ = {
			isa = PBXTargetDependency;
			target = 70FA846219DC7F7200B4925E /* MapAppointments */;
			targetProxy = 70FA848019DC7F7300B4925E /* PBXContainerItemProxy */;
		};
/* End PBXTargetDependency section */

/* Begin PBXVariantGroup section */
		70FA847319DC7F7200B4925E /* Main.storyboard */ = {
			isa = PBXVariantGroup;
			children = (
				70FA847419DC7F7200B4925E /* Base */,
			);
			name = Main.storyboard;
			sourceTree = "<group>";
		};
		70FA847819DC7F7200B4925E /* LaunchScreen.xib */ = {
			isa = PBXVariantGroup;
			children = (
				70FA847919DC7F7200B4925E /* Base */,
			);
			name = LaunchScreen.xib;
			sourceTree = "<group>";
		};
/* End PBXVariantGroup section */

/* Begin XCBuildConfiguration section */
		70FA848719DC7F7300B4925E /* Debug */ = {
			isa = XCBuildConfiguration;
			buildSettings = {
				ALWAYS_SEARCH_USER_PATHS = NO;
				CLANG_CXX_LANGUAGE_STANDARD = "gnu++0x";
				CLANG_CXX_LIBRARY = "libc++";
				CLANG_ENABLE_MODULES = YES;
				CLANG_ENABLE_OBJC_ARC = YES;
				CLANG_WARN_BOOL_CONVERSION = YES;
				CLANG_WARN_CONSTANT_CONVERSION = YES;
				CLANG_WARN_DIRECT_OBJC_ISA_USAGE = YES_ERROR;
				CLANG_WARN_EMPTY_BODY = YES;
				CLANG_WARN_ENUM_CONVERSION = YES;
				CLANG_WARN_INT_CONVERSION = YES;
				CLANG_WARN_OBJC_ROOT_CLASS = YES_ERROR;
				CLANG_WARN_UNREACHABLE_CODE = YES;
				CLANG_WARN__DUPLICATE_METHOD_MATCH = YES;
				"CODE_SIGN_IDENTITY[sdk=iphoneos*]" = "iPhone Developer";
				COPY_PHASE_STRIP = NO;
				ENABLE_STRICT_OBJC_MSGSEND = YES;
				GCC_C_LANGUAGE_STANDARD = gnu99;
				GCC_DYNAMIC_NO_PIC = NO;
				GCC_OPTIMIZATION_LEVEL = 0;
				GCC_PREPROCESSOR_DEFINITIONS = (
					"DEBUG=1",
					"$(inherited)",
				);
				GCC_SYMBOLS_PRIVATE_EXTERN = NO;
				GCC_WARN_64_TO_32_BIT_CONVERSION = YES;
				GCC_WARN_ABOUT_RETURN_TYPE = YES_ERROR;
				GCC_WARN_UNDECLARED_SELECTOR = YES;
				GCC_WARN_UNINITIALIZED_AUTOS = YES_AGGRESSIVE;
				GCC_WARN_UNUSED_FUNCTION = YES;
				GCC_WARN_UNUSED_VARIABLE = YES;
				IPHONEOS_DEPLOYMENT_TARGET = 8.0;
				MTL_ENABLE_DEBUG_INFO = YES;
				ONLY_ACTIVE_ARCH = YES;
				SDKROOT = iphoneos;
				TARGETED_DEVICE_FAMILY = 2;
			};
			name = Debug;
		};
		70FA848819DC7F7300B4925E /* Release */ = {
			isa = XCBuildConfiguration;
			buildSettings = {
				ALWAYS_SEARCH_USER_PATHS = NO;
				CLANG_CXX_LANGUAGE_STANDARD = "gnu++0x";
				CLANG_CXX_LIBRARY = "libc++";
				CLANG_ENABLE_MODULES = YES;
				CLANG_ENABLE_OBJC_ARC = YES;
				CLANG_WARN_BOOL_CONVERSION = YES;
				CLANG_WARN_CONSTANT_CONVERSION = YES;
				CLANG_WARN_DIRECT_OBJC_ISA_USAGE = YES_ERROR;
				CLANG_WARN_EMPTY_BODY = YES;
				CLANG_WARN_ENUM_CONVERSION = YES;
				CLANG_WARN_INT_CONVERSION = YES;
				CLANG_WARN_OBJC_ROOT_CLASS = YES_ERROR;
				CLANG_WARN_UNREACHABLE_CODE = YES;
				CLANG_WARN__DUPLICATE_METHOD_MATCH = YES;
				"CODE_SIGN_IDENTITY[sdk=iphoneos*]" = "iPhone Developer";
				COPY_PHASE_STRIP = YES;
				ENABLE_NS_ASSERTIONS = NO;
				ENABLE_STRICT_OBJC_MSGSEND = YES;
				GCC_C_LANGUAGE_STANDARD = gnu99;
				GCC_WARN_64_TO_32_BIT_CONVERSION = YES;
				GCC_WARN_ABOUT_RETURN_TYPE = YES_ERROR;
				GCC_WARN_UNDECLARED_SELECTOR = YES;
				GCC_WARN_UNINITIALIZED_AUTOS = YES_AGGRESSIVE;
				GCC_WARN_UNUSED_FUNCTION = YES;
				GCC_WARN_UNUSED_VARIABLE = YES;
				IPHONEOS_DEPLOYMENT_TARGET = 8.0;
				MTL_ENABLE_DEBUG_INFO = NO;
				SDKROOT = iphoneos;
				TARGETED_DEVICE_FAMILY = 2;
				VALIDATE_PRODUCT = YES;
			};
			name = Release;
		};
		70FA848A19DC7F7300B4925E /* Debug */ = {
			isa = XCBuildConfiguration;
			buildSettings = {
				ASSETCATALOG_COMPILER_APPICON_NAME = AppIcon;
				INFOPLIST_FILE = MapAppointments/Info.plist;
				LD_RUNPATH_SEARCH_PATHS = "$(inherited) @executable_path/Frameworks";
				PRODUCT_NAME = "$(TARGET_NAME)";
			};
			name = Debug;
		};
		70FA848B19DC7F7300B4925E /* Release */ = {
			isa = XCBuildConfiguration;
			buildSettings = {
				ASSETCATALOG_COMPILER_APPICON_NAME = AppIcon;
				INFOPLIST_FILE = MapAppointments/Info.plist;
				LD_RUNPATH_SEARCH_PATHS = "$(inherited) @executable_path/Frameworks";
				PRODUCT_NAME = "$(TARGET_NAME)";
			};
			name = Release;
		};
		70FA848D19DC7F7300B4925E /* Debug */ = {
			isa = XCBuildConfiguration;
			buildSettings = {
				BUNDLE_LOADER = "$(TEST_HOST)";
				FRAMEWORK_SEARCH_PATHS = (
					"$(SDKROOT)/Developer/Library/Frameworks",
					"$(inherited)",
				);
				GCC_PREPROCESSOR_DEFINITIONS = (
					"DEBUG=1",
					"$(inherited)",
				);
				INFOPLIST_FILE = MapAppointmentsTests/Info.plist;
				LD_RUNPATH_SEARCH_PATHS = "$(inherited) @executable_path/Frameworks @loader_path/Frameworks";
				PRODUCT_NAME = "$(TARGET_NAME)";
				TEST_HOST = "$(BUILT_PRODUCTS_DIR)/MapAppointments.app/MapAppointments";
			};
			name = Debug;
		};
		70FA848E19DC7F7300B4925E /* Release */ = {
			isa = XCBuildConfiguration;
			buildSettings = {
				BUNDLE_LOADER = "$(TEST_HOST)";
				FRAMEWORK_SEARCH_PATHS = (
					"$(SDKROOT)/Developer/Library/Frameworks",
					"$(inherited)",
				);
				INFOPLIST_FILE = MapAppointmentsTests/Info.plist;
				LD_RUNPATH_SEARCH_PATHS = "$(inherited) @executable_path/Frameworks @loader_path/Frameworks";
				PRODUCT_NAME = "$(TARGET_NAME)";
				TEST_HOST = "$(BUILT_PRODUCTS_DIR)/MapAppointments.app/MapAppointments";
			};
			name = Release;
		};
/* End XCBuildConfiguration section */

/* Begin XCConfigurationList section */
		70FA845E19DC7F7200B4925E /* Build configuration list for PBXProject "MapAppointments" */ = {
			isa = XCConfigurationList;
			buildConfigurations = (
				70FA848719DC7F7300B4925E /* Debug */,
				70FA848819DC7F7300B4925E /* Release */,
			);
			defaultConfigurationIsVisible = 0;
			defaultConfigurationName = Release;
		};
		70FA848919DC7F7300B4925E /* Build configuration list for PBXNativeTarget "MapAppointments" */ = {
			isa = XCConfigurationList;
			buildConfigurations = (
				70FA848A19DC7F7300B4925E /* Debug */,
				70FA848B19DC7F7300B4925E /* Release */,
			);
			defaultConfigurationIsVisible = 0;
			defaultConfigurationName = Release;
		};
		70FA848C19DC7F7300B4925E /* Build configuration list for PBXNativeTarget "MapAppointmentsTests" */ = {
			isa = XCConfigurationList;
			buildConfigurations = (
				70FA848D19DC7F7300B4925E /* Debug */,
				70FA848E19DC7F7300B4925E /* Release */,
			);
			defaultConfigurationIsVisible = 0;
			defaultConfigurationName = Release;
		};
/* End XCConfigurationList section */

/* Begin XCVersionGroup section */
		70FA846D19DC7F7200B4925E /* MapAppointments.xcdatamodeld */ = {
			isa = XCVersionGroup;
			children = (
				70FA846E19DC7F7200B4925E /* MapAppointments.xcdatamodel */,
			);
			currentVersion = 70FA846E19DC7F7200B4925E /* MapAppointments.xcdatamodel */;
			path = MapAppointments.xcdatamodeld;
			sourceTree = "<group>";
			versionGroupType = wrapper.xcdatamodel;
		};
/* End XCVersionGroup section */
	};
	rootObject = 70FA845B19DC7F7200B4925E /* Project object */;
}
